
Microsoft Visual Studio Solution File, Format Version 12.00
# Visual Studio Version 17
VisualStudioVersion = 17.9.34728.123
MinimumVisualStudioVersion = 10.0.40219.1
Project("{FAE04EC0-301F-11D3-BF4B-00C04F79EFBC}") = "EmailProvider", "EmailProvider\EmailProvider.csproj", "{1D032F60-4F8B-432E-B3A5-69F30E58F69B}"
EndProject
Global
	GlobalSection(SolutionConfigurationPlatforms) = preSolution
		Debug|Any CPU = Debug|Any CPU
		Release|Any CPU = Release|Any CPU
	EndGlobalSection
	GlobalSection(ProjectConfigurationPlatforms) = postSolution
		{1D032F60-4F8B-432E-B3A5-69F30E58F69B}.Debug|Any CPU.ActiveCfg = Debug|Any CPU
		{1D032F60-4F8B-432E-B3A5-69F30E58F69B}.Debug|Any CPU.Build.0 = Debug|Any CPU
		{1D032F60-4F8B-432E-B3A5-69F30E58F69B}.Release|Any CPU.ActiveCfg = Release|Any CPU
		{1D032F60-4F8B-432E-B3A5-69F30E58F69B}.Release|Any CPU.Build.0 = Release|Any CPU
	EndGlobalSection
	GlobalSection(SolutionProperties) = preSolution
		HideSolutionNode = FALSE
	EndGlobalSection
	GlobalSection(ExtensibilityGlobals) = postSolution
		SolutionGuid = {1089A5EC-B763-4A00-81A4-9FDB4C3B5733}
	EndGlobalSection
EndGlobal
